{
  "nodes": {
    "nova": {
      "flake": false,
      "locked": {
        "narHash": "sha256-y9PPIABEp0rhaP2KkrYO3aEpVSCvA6L2V2dBuzDoabc=",
        "type": "tarball",
        "url": "https://download.panic.com/nova/Nova%2010.3.zip"
      },
      "original": {
        "type": "tarball",
        "url": "https://download.panic.com/nova/Nova%2010.3.zip"
      }
    },
    "root": {
      "inputs": {
        "nova": "nova",
        "utils": "utils"
      }
    },
    "utils": {
      "locked": {
        "lastModified": 1667395993,
        "narHash": "sha256-nuEHfE/LcWyuSWnS8t12N1wc105Qtau+/OdUAjtQ0rA=",
        "owner": "numtide",
        "repo": "flake-utils",
        "rev": "5aed5285a952e0b949eb3ba02c12fa4fcfef535f",
        "type": "github"
      },
      "original": {
        "owner": "numtide",
        "repo": "flake-utils",
        "type": "github"
      }
    }
  },
  "root": "root",
  "version": 7
}
